// !$*UTF8*$!
{
	archiveVersion = 1;
	classes = {
	};
	objectVersion = 50;
	objects = {

/* Begin PBXBuildFile section */
		CD41DE4B2622737F00A20FBB /* OneTimeCodeBoxesApp.swift in Sources */ = {isa = PBXBuildFile; fileRef = CD41DE4A2622737F00A20FBB /* OneTimeCodeBoxesApp.swift */; };
		CD41DE4D2622737F00A20FBB /* ContentView.swift in Sources */ = {isa = PBXBuildFile; fileRef = CD41DE4C2622737F00A20FBB /* ContentView.swift */; };
		CD41DE4F2622737F00A20FBB /* Assets.xcassets in Resources */ = {isa = PBXBuildFile; fileRef = CD41DE4E2622737F00A20FBB /* Assets.xcassets */; };
		CD41DE522622737F00A20FBB /* Preview Assets.xcassets in Resources */ = {isa = PBXBuildFile; fileRef = CD41DE512622737F00A20FBB /* Preview Assets.xcassets */; };
		CD87408D262BDBF9006580C4 /* OneTimeCodeBoxes.swift in Sources */ = {isa = PBXBuildFile; fileRef = CD87408C262BDBF9006580C4 /* OneTimeCodeBoxes.swift */; };
		CD874090262BDC19006580C4 /* OneTimeCodeInput.swift in Sources */ = {isa = PBXBuildFile; fileRef = CD87408F262BDC19006580C4 /* OneTimeCodeInput.swift */; };
		CDDFFD58262CACBA00DCE037 /* String+.swift in Sources */ = {isa = PBXBuildFile; fileRef = CDDFFD57262CACBA00DCE037 /* String+.swift */; };
/* End PBXBuildFile section */

/* Begin PBXFileReference section */
		CD41DE472622737F00A20FBB /* OneTimeCodeBoxes.app */ = {isa = PBXFileReference; explicitFileType = wrapper.application; includeInIndex = 0; path = OneTimeCodeBoxes.app; sourceTree = BUILT_PRODUCTS_DIR; };
		CD41DE4A2622737F00A20FBB /* OneTimeCodeBoxesApp.swift */ = {isa = PBXFileReference; lastKnownFileType = sourcecode.swift; path = OneTimeCodeBoxesApp.swift; sourceTree = "<group>"; };
		CD41DE4C2622737F00A20FBB /* ContentView.swift */ = {isa = PBXFileReference; lastKnownFileType = sourcecode.swift; path = ContentView.swift; sourceTree = "<group>"; };
		CD41DE4E2622737F00A20FBB /* Assets.xcassets */ = {isa = PBXFileReference; lastKnownFileType = folder.assetcatalog; path = Assets.xcassets; sourceTree = "<group>"; };
		CD41DE512622737F00A20FBB /* Preview Assets.xcassets */ = {isa = PBXFileReference; lastKnownFileType = folder.assetcatalog; path = "Preview Assets.xcassets"; sourceTree = "<group>"; };
		CD41DE532622737F00A20FBB /* Info.plist */ = {isa = PBXFileReference; lastKnownFileType = text.plist.xml; path = Info.plist; sourceTree = "<group>"; };
		CD87408C262BDBF9006580C4 /* OneTimeCodeBoxes.swift */ = {isa = PBXFileReference; lastKnownFileType = sourcecode.swift; path = OneTimeCodeBoxes.swift; sourceTree = "<group>"; };
		CD87408F262BDC19006580C4 /* OneTimeCodeInput.swift */ = {isa = PBXFileReference; lastKnownFileType = sourcecode.swift; path = OneTimeCodeInput.swift; sourceTree = "<group>"; };
		CDDFFD57262CACBA00DCE037 /* String+.swift */ = {isa = PBXFileReference; lastKnownFileType = sourcecode.swift; path = "String+.swift"; sourceTree = "<group>"; };
/* End PBXFileReference section */

/* Begin PBXFrameworksBuildPhase section */
		CD41DE442622737F00A20FBB /* Frameworks */ = {
			isa = PBXFrameworksBuildPhase;
			buildActionMask = 2147483647;
			files = (
			);
			runOnlyForDeploymentPostprocessing = 0;
		};
/* End PBXFrameworksBuildPhase section */

/* Begin PBXGroup section */
		CD41DE3E2622737F00A20FBB = {
			isa = PBXGroup;
			children = (
				CD41DE492622737F00A20FBB /* OneTimeCodeBoxes */,
				CD41DE482622737F00A20FBB /* Products */,
			);
			sourceTree = "<group>";
		};
		CD41DE482622737F00A20FBB /* Products */ = {
			isa = PBXGroup;
			children = (
				CD41DE472622737F00A20FBB /* OneTimeCodeBoxes.app */,
			);
			name = Products;
			sourceTree = "<group>";
		};
		CD41DE492622737F00A20FBB /* OneTimeCodeBoxes */ = {
			isa = PBXGroup;
			children = (
				CD41DE4A2622737F00A20FBB /* OneTimeCodeBoxesApp.swift */,
				CD41DE4C2622737F00A20FBB /* ContentView.swift */,
				CD87408B262BDBE0006580C4 /* OneTimeCode */,
				CD41DE4E2622737F00A20FBB /* Assets.xcassets */,
				CDDFFD56262CACAA00DCE037 /* Utils */,
				CD41DE532622737F00A20FBB /* Info.plist */,
				CD41DE502622737F00A20FBB /* Preview Content */,
			);
			path = OneTimeCodeBoxes;
			sourceTree = "<group>";
		};
		CD41DE502622737F00A20FBB /* Preview Content */ = {
			isa = PBXGroup;
			children = (
				CD41DE512622737F00A20FBB /* Preview Assets.xcassets */,
			);
			path = "Preview Content";
			sourceTree = "<group>";
		};
		CD87408B262BDBE0006580C4 /* OneTimeCode */ = {
			isa = PBXGroup;
			children = (
				CD87408C262BDBF9006580C4 /* OneTimeCodeBoxes.swift */,
				CD87408F262BDC19006580C4 /* OneTimeCodeInput.swift */,
			);
			path = OneTimeCode;
			sourceTree = "<group>";
		};
		CDDFFD56262CACAA00DCE037 /* Utils */ = {
			isa = PBXGroup;
			children = (
				CDDFFD57262CACBA00DCE037 /* String+.swift */,
			);
			path = Utils;
			sourceTree = "<group>";
		};
/* End PBXGroup section */

/* Begin PBXNativeTarget section */
		CD41DE462622737F00A20FBB /* OneTimeCodeBoxes */ = {
			isa = PBXNativeTarget;
			buildConfigurationList = CD41DE562622737F00A20FBB /* Build configuration list for PBXNativeTarget "OneTimeCodeBoxes" */;
			buildPhases = (
				CD41DE432622737F00A20FBB /* Sources */,
				CD41DE442622737F00A20FBB /* Frameworks */,
				CD41DE452622737F00A20FBB /* Resources */,
			);
			buildRules = (
			);
			dependencies = (
			);
			name = OneTimeCodeBoxes;
			productName = OneTimeCodeBoxes;
			productReference = CD41DE472622737F00A20FBB /* OneTimeCodeBoxes.app */;
			productType = "com.apple.product-type.application";
		};
/* End PBXNativeTarget section */

/* Begin PBXProject section */
		CD41DE3F2622737F00A20FBB /* Project object */ = {
			isa = PBXProject;
			attributes = {
				LastSwiftUpdateCheck = 1240;
				LastUpgradeCheck = 1240;
				TargetAttributes = {
					CD41DE462622737F00A20FBB = {
						CreatedOnToolsVersion = 12.4;
					};
				};
			};
			buildConfigurationList = CD41DE422622737F00A20FBB /* Build configuration list for PBXProject "OneTimeCodeBoxes" */;
			compatibilityVersion = "Xcode 9.3";
			developmentRegion = en;
			hasScannedForEncodings = 0;
			knownRegions = (
				en,
				Base,
			);
			mainGroup = CD41DE3E2622737F00A20FBB;
			productRefGroup = CD41DE482622737F00A20FBB /* Products */;
			projectDirPath = "";
			projectRoot = "";
			targets = (
				CD41DE462622737F00A20FBB /* OneTimeCodeBoxes */,
			);
		};
/* End PBXProject section */

/* Begin PBXResourcesBuildPhase section */
		CD41DE452622737F00A20FBB /* Resources */ = {
			isa = PBXResourcesBuildPhase;
			buildActionMask = 2147483647;
			files = (
				CD41DE522622737F00A20FBB /* Preview Assets.xcassets in Resources */,
				CD41DE4F2622737F00A20FBB /* Assets.xcassets in Resources */,
			);
			runOnlyForDeploymentPostprocessing = 0;
		};
/* End PBXResourcesBuildPhase section */

/* Begin PBXSourcesBuildPhase section */
		CD41DE432622737F00A20FBB /* Sources */ = {
			isa = PBXSourcesBuildPhase;
			buildActionMask = 2147483647;
			files = (
				CD87408D262BDBF9006580C4 /* OneTimeCodeBoxes.swift in Sources */,
				CD874090262BDC19006580C4 /* OneTimeCodeInput.swift in Sources */,
				CDDFFD58262CACBA00DCE037 /* String+.swift in Sources */,
				CD41DE4D2622737F00A20FBB /* ContentView.swift in Sources */,
				CD41DE4B2622737F00A20FBB /* OneTimeCodeBoxesApp.swift in Sources */,
			);
			runOnlyForDeploymentPostprocessing = 0;
		};
/* End PBXSourcesBuildPhase section */

/* Begin XCBuildConfiguration section */
		CD41DE542622737F00A20FBB /* Debug */ = {
			isa = XCBuildConfiguration;
			buildSettings = {
				ALWAYS_SEARCH_USER_PATHS = NO;
				CLANG_ANALYZER_NONNULL = YES;
				CLANG_ANALYZER_NUMBER_OBJECT_CONVERSION = YES_AGGRESSIVE;
				CLANG_CXX_LANGUAGE_STANDARD = "gnu++14";
				CLANG_CXX_LIBRARY = "libc++";
				CLANG_ENABLE_MODULES = YES;
				CLANG_ENABLE_OBJC_ARC = YES;
				CLANG_ENABLE_OBJC_WEAK = YES;
				CLANG_WARN_BLOCK_CAPTURE_AUTORELEASING = YES;
				CLANG_WARN_BOOL_CONVERSION = YES;
				CLANG_WARN_COMMA = YES;
				CLANG_WARN_CONSTANT_CONVERSION = YES;
				CLANG_WARN_DEPRECATED_OBJC_IMPLEMENTATIONS = YES;
				CLANG_WARN_DIRECT_OBJC_ISA_USAGE = YES_ERROR;
				CLANG_WARN_DOCUMENTATION_COMMENTS = YES;
				CLANG_WARN_EMPTY_BODY = YES;
				CLANG_WARN_ENUM_CONVERSION = YES;
				CLANG_WARN_INFINITE_RECURSION = YES;
				CLANG_WARN_INT_CONVERSION = YES;
				CLANG_WARN_NON_LITERAL_NULL_CONVERSION = YES;
				CLANG_WARN_OBJC_IMPLICIT_RETAIN_SELF = YES;
				CLANG_WARN_OBJC_LITERAL_CONVERSION = YES;
				CLANG_WARN_OBJC_ROOT_CLASS = YES_ERROR;
				CLANG_WARN_QUOTED_INCLUDE_IN_FRAMEWORK_HEADER = YES;
				CLANG_WARN_RANGE_LOOP_ANALYSIS = YES;
				CLANG_WARN_STRICT_PROTOTYPES = YES;
				CLANG_WARN_SUSPICIOUS_MOVE = YES;
				CLANG_WARN_UNGUARDED_AVAILABILITY = YES_AGGRESSIVE;
				CLANG_WARN_UNREACHABLE_CODE = YES;
				CLANG_WARN__DUPLICATE_METHOD_MATCH = YES;
				COPY_PHASE_STRIP = NO;
				DEBUG_INFORMATION_FORMAT = dwarf;
				ENABLE_STRICT_OBJC_MSGSEND = YES;
				ENABLE_TESTABILITY = YES;
				GCC_C_LANGUAGE_STANDARD = gnu11;
				GCC_DYNAMIC_NO_PIC = NO;
				GCC_NO_COMMON_BLOCKS = YES;
				GCC_OPTIMIZATION_LEVEL = 0;
				GCC_PREPROCESSOR_DEFINITIONS = (
					"DEBUG=1",
					"$(inherited)",
				);
				GCC_WARN_64_TO_32_BIT_CONVERSION = YES;
				GCC_WARN_ABOUT_RETURN_TYPE = YES_ERROR;
				GCC_WARN_UNDECLARED_SELECTOR = YES;
				GCC_WARN_UNINITIALIZED_AUTOS = YES_AGGRESSIVE;
				GCC_WARN_UNUSED_FUNCTION = YES;
				GCC_WARN_UNUSED_VARIABLE = YES;
				IPHONEOS_DEPLOYMENT_TARGET = 14.4;
				MTL_ENABLE_DEBUG_INFO = INCLUDE_SOURCE;
				MTL_FAST_MATH = YES;
				ONLY_ACTIVE_ARCH = YES;
				SDKROOT = iphoneos;
				SWIFT_ACTIVE_COMPILATION_CONDITIONS = DEBUG;
				SWIFT_OPTIMIZATION_LEVEL = "-Onone";
			};
			name = Debug;
		};
		CD41DE552622737F00A20FBB /* Release */ = {
			isa = XCBuildConfiguration;
			buildSettings = {
				ALWAYS_SEARCH_USER_PATHS = NO;
				CLANG_ANALYZER_NONNULL = YES;
				CLANG_ANALYZER_NUMBER_OBJECT_CONVERSION = YES_AGGRESSIVE;
				CLANG_CXX_LANGUAGE_STANDARD = "gnu++14";
				CLANG_CXX_LIBRARY = "libc++";
				CLANG_ENABLE_MODULES = YES;
				CLANG_ENABLE_OBJC_ARC = YES;
				CLANG_ENABLE_OBJC_WEAK = YES;
				CLANG_WARN_BLOCK_CAPTURE_AUTORELEASING = YES;
				CLANG_WARN_BOOL_CONVERSION = YES;
				CLANG_WARN_COMMA = YES;
				CLANG_WARN_CONSTANT_CONVERSION = YES;
				CLANG_WARN_DEPRECATED_OBJC_IMPLEMENTATIONS = YES;
				CLANG_WARN_DIRECT_OBJC_ISA_USAGE = YES_ERROR;
				CLANG_WARN_DOCUMENTATION_COMMENTS = YES;
				CLANG_WARN_EMPTY_BODY = YES;
				CLANG_WARN_ENUM_CONVERSION = YES;
				CLANG_WARN_INFINITE_RECURSION = YES;
				CLANG_WARN_INT_CONVERSION = YES;
				CLANG_WARN_NON_LITERAL_NULL_CONVERSION = YES;
				CLANG_WARN_OBJC_IMPLICIT_RETAIN_SELF = YES;
				CLANG_WARN_OBJC_LITERAL_CONVERSION = YES;
				CLANG_WARN_OBJC_ROOT_CLASS = YES_ERROR;
				CLANG_WARN_QUOTED_INCLUDE_IN_FRAMEWORK_HEADER = YES;
				CLANG_WARN_RANGE_LOOP_ANALYSIS = YES;
				CLANG_WARN_STRICT_PROTOTYPES = YES;
				CLANG_WARN_SUSPICIOUS_MOVE = YES;
				CLANG_WARN_UNGUARDED_AVAILABILITY = YES_AGGRESSIVE;
				CLANG_WARN_UNREACHABLE_CODE = YES;
				CLANG_WARN__DUPLICATE_METHOD_MATCH = YES;
				COPY_PHASE_STRIP = NO;
				DEBUG_INFORMATION_FORMAT = "dwarf-with-dsym";
				ENABLE_NS_ASSERTIONS = NO;
				ENABLE_STRICT_OBJC_MSGSEND = YES;
				GCC_C_LANGUAGE_STANDARD = gnu11;
				GCC_NO_COMMON_BLOCKS = YES;
				GCC_WARN_64_TO_32_BIT_CONVERSION = YES;
				GCC_WARN_ABOUT_RETURN_TYPE = YES_ERROR;
				GCC_WARN_UNDECLARED_SELECTOR = YES;
				GCC_WARN_UNINITIALIZED_AUTOS = YES_AGGRESSIVE;
				GCC_WARN_UNUSED_FUNCTION = YES;
				GCC_WARN_UNUSED_VARIABLE = YES;
				IPHONEOS_DEPLOYMENT_TARGET = 14.4;
				MTL_ENABLE_DEBUG_INFO = NO;
				MTL_FAST_MATH = YES;
				SDKROOT = iphoneos;
				SWIFT_COMPILATION_MODE = wholemodule;
				SWIFT_OPTIMIZATION_LEVEL = "-O";
				VALIDATE_PRODUCT = YES;
			};
			name = Release;
		};
		CD41DE572622737F00A20FBB /* Debug */ = {
			isa = XCBuildConfiguration;
			buildSettings = {
				ASSETCATALOG_COMPILER_APPICON_NAME = AppIcon;
				ASSETCATALOG_COMPILER_GLOBAL_ACCENT_COLOR_NAME = AccentColor;
				CODE_SIGN_STYLE = Automatic;
				DEVELOPMENT_ASSET_PATHS = "\"OneTimeCodeBoxes/Preview Content\"";
				DEVELOPMENT_TEAM = FU8C3UUAWX;
				ENABLE_PREVIEWS = YES;
				INFOPLIST_FILE = OneTimeCodeBoxes/Info.plist;
				IPHONEOS_DEPLOYMENT_TARGET = 14.0;
				LD_RUNPATH_SEARCH_PATHS = (
					"$(inherited)",
					"@executable_path/Frameworks",
				);
				PRODUCT_BUNDLE_IDENTIFIER = HikingWithSwift.OneTimeCodeBoxes;
				PRODUCT_NAME = "$(TARGET_NAME)";
				SWIFT_VERSION = 5.0;
				TARGETED_DEVICE_FAMILY = "1,2";
			};
			name = Debug;
		};
		CD41DE582622737F00A20FBB /* Release */ = {
			isa = XCBuildConfiguration;
			buildSettings = {
				ASSETCATALOG_COMPILER_APPICON_NAME = AppIcon;
				ASSETCATALOG_COMPILER_GLOBAL_ACCENT_COLOR_NAME = AccentColor;
				CODE_SIGN_STYLE = Automatic;
				DEVELOPMENT_ASSET_PATHS = "\"OneTimeCodeBoxes/Preview Content\"";
				DEVELOPMENT_TEAM = FU8C3UUAWX;
				ENABLE_PREVIEWS = YES;
				INFOPLIST_FILE = OneTimeCodeBoxes/Info.plist;
				IPHONEOS_DEPLOYMENT_TARGET = 14.0;
				LD_RUNPATH_SEARCH_PATHS = (
					"$(inherited)",
					"@executable_path/Frameworks",
				);
				PRODUCT_BUNDLE_IDENTIFIER = HikingWithSwift.OneTimeCodeBoxes;
				PRODUCT_NAME = "$(TARGET_NAME)";
				SWIFT_VERSION = 5.0;
				TARGETED_DEVICE_FAMILY = "1,2";
			};
			name = Release;
		};
/* End XCBuildConfiguration section */

/* Begin XCConfigurationList section */
		CD41DE422622737F00A20FBB /* Build configuration list for PBXProject "OneTimeCodeBoxes" */ = {
			isa = XCConfigurationList;
			buildConfigurations = (
				CD41DE542622737F00A20FBB /* Debug */,
				CD41DE552622737F00A20FBB /* Release */,
			);
			defaultConfigurationIsVisible = 0;
			defaultConfigurationName = Release;
		};
		CD41DE562622737F00A20FBB /* Build configuration list for PBXNativeTarget "OneTimeCodeBoxes" */ = {
			isa = XCConfigurationList;
			buildConfigurations = (
				CD41DE572622737F00A20FBB /* Debug */,
				CD41DE582622737F00A20FBB /* Release */,
			);
			defaultConfigurationIsVisible = 0;
			defaultConfigurationName = Release;
		};
/* End XCConfigurationList section */
	};
	rootObject = CD41DE3F2622737F00A20FBB /* Project object */;
}
